// !$*UTF8*$!
{
	archiveVersion = 1;
	classes = {
	};
	objectVersion = 46;
	objects = {

/* Begin PBXBuildFile section */
		7169BCD41E2106B9008C5AAD /* AppDelegate.swift in Sources */ = {isa = PBXBuildFile; fileRef = 7169BCD31E2106B9008C5AAD /* AppDelegate.swift */; };
		7169BCD61E2106BA008C5AAD /* ViewController.swift in Sources */ = {isa = PBXBuildFile; fileRef = 7169BCD51E2106BA008C5AAD /* ViewController.swift */; };
		7169BCD91E2106BA008C5AAD /* Main.storyboard in Resources */ = {isa = PBXBuildFile; fileRef = 7169BCD71E2106BA008C5AAD /* Main.storyboard */; };
		7169BCDC1E2106BA008C5AAD /* WeatherApp.xcdatamodeld in Sources */ = {isa = PBXBuildFile; fileRef = 7169BCDA1E2106BA008C5AAD /* WeatherApp.xcdatamodeld */; };
		7169BCDE1E2106BA008C5AAD /* Assets.xcassets in Resources */ = {isa = PBXBuildFile; fileRef = 7169BCDD1E2106BA008C5AAD /* Assets.xcassets */; };
		7169BCE11E2106BA008C5AAD /* LaunchScreen.storyboard in Resources */ = {isa = PBXBuildFile; fileRef = 7169BCDF1E2106BA008C5AAD /* LaunchScreen.storyboard */; };
/* End PBXBuildFile section */

/* Begin PBXFileReference section */
		7169BCD01E2106B9008C5AAD /* WeatherApp.app */ = {isa = PBXFileReference; explicitFileType = wrapper.application; includeInIndex = 0; path = WeatherApp.app; sourceTree = BUILT_PRODUCTS_DIR; };
		7169BCD31E2106B9008C5AAD /* AppDelegate.swift */ = {isa = PBXFileReference; lastKnownFileType = sourcecode.swift; path = AppDelegate.swift; sourceTree = "<group>"; };
		7169BCD51E2106BA008C5AAD /* ViewController.swift */ = {isa = PBXFileReference; lastKnownFileType = sourcecode.swift; path = ViewController.swift; sourceTree = "<group>"; };
		7169BCD81E2106BA008C5AAD /* Base */ = {isa = PBXFileReference; lastKnownFileType = file.storyboard; name = Base; path = Base.lproj/Main.storyboard; sourceTree = "<group>"; };
		7169BCDB1E2106BA008C5AAD /* WeatherApp.xcdatamodel */ = {isa = PBXFileReference; lastKnownFileType = wrapper.xcdatamodel; path = WeatherApp.xcdatamodel; sourceTree = "<group>"; };
		7169BCDD1E2106BA008C5AAD /* Assets.xcassets */ = {isa = PBXFileReference; lastKnownFileType = folder.assetcatalog; path = Assets.xcassets; sourceTree = "<group>"; };
		7169BCE01E2106BA008C5AAD /* Base */ = {isa = PBXFileReference; lastKnownFileType = file.storyboard; name = Base; path = Base.lproj/LaunchScreen.storyboard; sourceTree = "<group>"; };
		7169BCE21E2106BA008C5AAD /* Info.plist */ = {isa = PBXFileReference; lastKnownFileType = text.plist.xml; path = Info.plist; sourceTree = "<group>"; };
/* End PBXFileReference section */

/* Begin PBXFrameworksBuildPhase section */
		7169BCCD1E2106B9008C5AAD /* Frameworks */ = {
			isa = PBXFrameworksBuildPhase;
			buildActionMask = 2147483647;
			files = (
			);
			runOnlyForDeploymentPostprocessing = 0;
		};
/* End PBXFrameworksBuildPhase section */

/* Begin PBXGroup section */
		7169BCC71E2106B9008C5AAD = {
			isa = PBXGroup;
			children = (
				7169BCD21E2106B9008C5AAD /* WeatherApp */,
				7169BCD11E2106B9008C5AAD /* Products */,
			);
			sourceTree = "<group>";
		};
		7169BCD11E2106B9008C5AAD /* Products */ = {
			isa = PBXGroup;
			children = (
				7169BCD01E2106B9008C5AAD /* WeatherApp.app */,
			);
			name = Products;
			sourceTree = "<group>";
		};
		7169BCD21E2106B9008C5AAD /* WeatherApp */ = {
			isa = PBXGroup;
			children = (
				7169BCD31E2106B9008C5AAD /* AppDelegate.swift */,
				7169BCD51E2106BA008C5AAD /* ViewController.swift */,
				7169BCD71E2106BA008C5AAD /* Main.storyboard */,
				7169BCDD1E2106BA008C5AAD /* Assets.xcassets */,
				7169BCDF1E2106BA008C5AAD /* LaunchScreen.storyboard */,
				7169BCE21E2106BA008C5AAD /* Info.plist */,
				7169BCDA1E2106BA008C5AAD /* WeatherApp.xcdatamodeld */,
			);
			path = WeatherApp;
			sourceTree = "<group>";
		};
/* End PBXGroup section */

/* Begin PBXNativeTarget section */
		7169BCCF1E2106B9008C5AAD /* WeatherApp */ = {
			isa = PBXNativeTarget;
			buildConfigurationList = 7169BCE51E2106BA008C5AAD /* Build configuration list for PBXNativeTarget "WeatherApp" */;
			buildPhases = (
				7169BCCC1E2106B9008C5AAD /* Sources */,
				7169BCCD1E2106B9008C5AAD /* Frameworks */,
				7169BCCE1E2106B9008C5AAD /* Resources */,
			);
			buildRules = (
			);
			dependencies = (
			);
			name = WeatherApp;
			productName = WeatherApp;
			productReference = 7169BCD01E2106B9008C5AAD /* WeatherApp.app */;
			productType = "com.apple.product-type.application";
		};
/* End PBXNativeTarget section */

/* Begin PBXProject section */
		7169BCC81E2106B9008C5AAD /* Project object */ = {
			isa = PBXProject;
			attributes = {
				LastSwiftUpdateCheck = 0810;
				LastUpgradeCheck = 0810;
				ORGANIZATIONNAME = "Kerim Çağlar";
				TargetAttributes = {
					7169BCCF1E2106B9008C5AAD = {
						CreatedOnToolsVersion = 8.1;
						DevelopmentTeam = 94C447T38Y;
						ProvisioningStyle = Automatic;
					};
				};
			};
			buildConfigurationList = 7169BCCB1E2106B9008C5AAD /* Build configuration list for PBXProject "WeatherApp" */;
			compatibilityVersion = "Xcode 3.2";
			developmentRegion = English;
			hasScannedForEncodings = 0;
			knownRegions = (
				en,
				Base,
			);
			mainGroup = 7169BCC71E2106B9008C5AAD;
			productRefGroup = 7169BCD11E2106B9008C5AAD /* Products */;
			projectDirPath = "";
			projectRoot = "";
			targets = (
				7169BCCF1E2106B9008C5AAD /* WeatherApp */,
			);
		};
/* End PBXProject section */

/* Begin PBXResourcesBuildPhase section */
		7169BCCE1E2106B9008C5AAD /* Resources */ = {
			isa = PBXResourcesBuildPhase;
			buildActionMask = 2147483647;
			files = (
				7169BCE11E2106BA008C5AAD /* LaunchScreen.storyboard in Resources */,
				7169BCDE1E2106BA008C5AAD /* Assets.xcassets in Resources */,
				7169BCD91E2106BA008C5AAD /* Main.storyboard in Resources */,
			);
			runOnlyForDeploymentPostprocessing = 0;
		};
/* End PBXResourcesBuildPhase section */

/* Begin PBXSourcesBuildPhase section */
		7169BCCC1E2106B9008C5AAD /* Sources */ = {
			isa = PBXSourcesBuildPhase;
			buildActionMask = 2147483647;
			files = (
				7169BCDC1E2106BA008C5AAD /* WeatherApp.xcdatamodeld in Sources */,
				7169BCD61E2106BA008C5AAD /* ViewController.swift in Sources */,
				7169BCD41E2106B9008C5AAD /* AppDelegate.swift in Sources */,
			);
			runOnlyForDeploymentPostprocessing = 0;
		};
/* End PBXSourcesBuildPhase section */

/* Begin PBXVariantGroup section */
		7169BCD71E2106BA008C5AAD /* Main.storyboard */ = {
			isa = PBXVariantGroup;
			children = (
				7169BCD81E2106BA008C5AAD /* Base */,
			);
			name = Main.storyboard;
			sourceTree = "<group>";
		};
		7169BCDF1E2106BA008C5AAD /* LaunchScreen.storyboard */ = {
			isa = PBXVariantGroup;
			children = (
				7169BCE01E2106BA008C5AAD /* Base */,
			);
			name = LaunchScreen.storyboard;
			sourceTree = "<group>";
		};
/* End PBXVariantGroup section */

/* Begin XCBuildConfiguration section */
		7169BCE31E2106BA008C5AAD /* Debug */ = {
			isa = XCBuildConfiguration;
			buildSettings = {
				ALWAYS_SEARCH_USER_PATHS = NO;
				CLANG_ANALYZER_NONNULL = YES;
				CLANG_CXX_LANGUAGE_STANDARD = "gnu++0x";
				CLANG_CXX_LIBRARY = "libc++";
				CLANG_ENABLE_MODULES = YES;
				CLANG_ENABLE_OBJC_ARC = YES;
				CLANG_WARN_BOOL_CONVERSION = YES;
				CLANG_WARN_CONSTANT_CONVERSION = YES;
				CLANG_WARN_DIRECT_OBJC_ISA_USAGE = YES_ERROR;
				CLANG_WARN_DOCUMENTATION_COMMENTS = YES;
				CLANG_WARN_EMPTY_BODY = YES;
				CLANG_WARN_ENUM_CONVERSION = YES;
				CLANG_WARN_INFINITE_RECURSION = YES;
				CLANG_WARN_INT_CONVERSION = YES;
				CLANG_WARN_OBJC_ROOT_CLASS = YES_ERROR;
				CLANG_WARN_SUSPICIOUS_MOVES = YES;
				CLANG_WARN_UNREACHABLE_CODE = YES;
				CLANG_WARN__DUPLICATE_METHOD_MATCH = YES;
				"CODE_SIGN_IDENTITY[sdk=iphoneos*]" = "iPhone Developer";
				COPY_PHASE_STRIP = NO;
				DEBUG_INFORMATION_FORMAT = dwarf;
				ENABLE_STRICT_OBJC_MSGSEND = YES;
				ENABLE_TESTABILITY = YES;
				GCC_C_LANGUAGE_STANDARD = gnu99;
				GCC_DYNAMIC_NO_PIC = NO;
				GCC_NO_COMMON_BLOCKS = YES;
				GCC_OPTIMIZATION_LEVEL = 0;
				GCC_PREPROCESSOR_DEFINITIONS = (
					"DEBUG=1",
					"$(inherited)",
				);
				GCC_WARN_64_TO_32_BIT_CONVERSION = YES;
				GCC_WARN_ABOUT_RETURN_TYPE = YES_ERROR;
				GCC_WARN_UNDECLARED_SELECTOR = YES;
				GCC_WARN_UNINITIALIZED_AUTOS = YES_AGGRESSIVE;
				GCC_WARN_UNUSED_FUNCTION = YES;
				GCC_WARN_UNUSED_VARIABLE = YES;
				IPHONEOS_DEPLOYMENT_TARGET = 10.1;
				MTL_ENABLE_DEBUG_INFO = YES;
				ONLY_ACTIVE_ARCH = YES;
				SDKROOT = iphoneos;
				SWIFT_ACTIVE_COMPILATION_CONDITIONS = DEBUG;
				SWIFT_OPTIMIZATION_LEVEL = "-Onone";
				TARGETED_DEVICE_FAMILY = "1,2";
			};
			name = Debug;
		};
		7169BCE41E2106BA008C5AAD /* Release */ = {
			isa = XCBuildConfiguration;
			buildSettings = {
				ALWAYS_SEARCH_USER_PATHS = NO;
				CLANG_ANALYZER_NONNULL = YES;
				CLANG_CXX_LANGUAGE_STANDARD = "gnu++0x";
				CLANG_CXX_LIBRARY = "libc++";
				CLANG_ENABLE_MODULES = YES;
				CLANG_ENABLE_OBJC_ARC = YES;
				CLANG_WARN_BOOL_CONVERSION = YES;
				CLANG_WARN_CONSTANT_CONVERSION = YES;
				CLANG_WARN_DIRECT_OBJC_ISA_USAGE = YES_ERROR;
				CLANG_WARN_DOCUMENTATION_COMMENTS = YES;
				CLANG_WARN_EMPTY_BODY = YES;
				CLANG_WARN_ENUM_CONVERSION = YES;
				CLANG_WARN_INFINITE_RECURSION = YES;
				CLANG_WARN_INT_CONVERSION = YES;
				CLANG_WARN_OBJC_ROOT_CLASS = YES_ERROR;
				CLANG_WARN_SUSPICIOUS_MOVES = YES;
				CLANG_WARN_UNREACHABLE_CODE = YES;
				CLANG_WARN__DUPLICATE_METHOD_MATCH = YES;
				"CODE_SIGN_IDENTITY[sdk=iphoneos*]" = "iPhone Developer";
				COPY_PHASE_STRIP = NO;
				DEBUG_INFORMATION_FORMAT = "dwarf-with-dsym";
				ENABLE_NS_ASSERTIONS = NO;
				ENABLE_STRICT_OBJC_MSGSEND = YES;
				GCC_C_LANGUAGE_STANDARD = gnu99;
				GCC_NO_COMMON_BLOCKS = YES;
				GCC_WARN_64_TO_32_BIT_CONVERSION = YES;
				GCC_WARN_ABOUT_RETURN_TYPE = YES_ERROR;
				GCC_WARN_UNDECLARED_SELECTOR = YES;
				GCC_WARN_UNINITIALIZED_AUTOS = YES_AGGRESSIVE;
				GCC_WARN_UNUSED_FUNCTION = YES;
				GCC_WARN_UNUSED_VARIABLE = YES;
				IPHONEOS_DEPLOYMENT_TARGET = 10.1;
				MTL_ENABLE_DEBUG_INFO = NO;
				SDKROOT = iphoneos;
				SWIFT_OPTIMIZATION_LEVEL = "-Owholemodule";
				TARGETED_DEVICE_FAMILY = "1,2";
				VALIDATE_PRODUCT = YES;
			};
			name = Release;
		};
		7169BCE61E2106BA008C5AAD /* Debug */ = {
			isa = XCBuildConfiguration;
			buildSettings = {
				ASSETCATALOG_COMPILER_APPICON_NAME = AppIcon;
				DEVELOPMENT_TEAM = 94C447T38Y;
				INFOPLIST_FILE = WeatherApp/Info.plist;
				LD_RUNPATH_SEARCH_PATHS = "$(inherited) @executable_path/Frameworks";
				PRODUCT_BUNDLE_IDENTIFIER = com.kerimcaglar.WeatherApp;
				PRODUCT_NAME = "$(TARGET_NAME)";
				SWIFT_VERSION = 3.0;
			};
			name = Debug;
		};
		7169BCE71E2106BA008C5AAD /* Release */ = {
			isa = XCBuildConfiguration;
			buildSettings = {
				ASSETCATALOG_COMPILER_APPICON_NAME = AppIcon;
				DEVELOPMENT_TEAM = 94C447T38Y;
				INFOPLIST_FILE = WeatherApp/Info.plist;
				LD_RUNPATH_SEARCH_PATHS = "$(inherited) @executable_path/Frameworks";
				PRODUCT_BUNDLE_IDENTIFIER = com.kerimcaglar.WeatherApp;
				PRODUCT_NAME = "$(TARGET_NAME)";
				SWIFT_VERSION = 3.0;
			};
			name = Release;
		};
/* End XCBuildConfiguration section */

/* Begin XCConfigurationList section */
		7169BCCB1E2106B9008C5AAD /* Build configuration list for PBXProject "WeatherApp" */ = {
			isa = XCConfigurationList;
			buildConfigurations = (
				7169BCE31E2106BA008C5AAD /* Debug */,
				7169BCE41E2106BA008C5AAD /* Release */,
			);
			defaultConfigurationIsVisible = 0;
			defaultConfigurationName = Release;
		};
		7169BCE51E2106BA008C5AAD /* Build configuration list for PBXNativeTarget "WeatherApp" */ = {
			isa = XCConfigurationList;
			buildConfigurations = (
				7169BCE61E2106BA008C5AAD /* Debug */,
				7169BCE71E2106BA008C5AAD /* Release */,
			);
			defaultConfigurationIsVisible = 0;
		};
/* End XCConfigurationList section */

/* Begin XCVersionGroup section */
		7169BCDA1E2106BA008C5AAD /* WeatherApp.xcdatamodeld */ = {
			isa = XCVersionGroup;
			children = (
				7169BCDB1E2106BA008C5AAD /* WeatherApp.xcdatamodel */,
			);
			currentVersion = 7169BCDB1E2106BA008C5AAD /* WeatherApp.xcdatamodel */;
			path = WeatherApp.xcdatamodeld;
			sourceTree = "<group>";
			versionGroupType = wrapper.xcdatamodel;
		};
/* End XCVersionGroup section */
	};
	rootObject = 7169BCC81E2106B9008C5AAD /* Project object */;
}
